
Microsoft Visual Studio Solution File, Format Version 12.00
# Visual Studio Version 16
VisualStudioVersion = 16.0.30309.148
MinimumVisualStudioVersion = 10.0.40219.1
Project("{FAE04EC0-301F-11D3-BF4B-00C04F79EFBC}") = "Life", "ConsoleLife\Life.csproj", "{820C9F6A-A424-4B9F-AA2B-A13B05E8D920}"
EndProject
Global
	GlobalSection(SolutionConfigurationPlatforms) = preSolution
		Debug|Any CPU = Debug|Any CPU
		Release|Any CPU = Release|Any CPU
	EndGlobalSection
	GlobalSection(ProjectConfigurationPlatforms) = postSolution
		{820C9F6A-A424-4B9F-AA2B-A13B05E8D920}.Debug|Any CPU.ActiveCfg = Debug|Any CPU
		{820C9F6A-A424-4B9F-AA2B-A13B05E8D920}.Debug|Any CPU.Build.0 = Debug|Any CPU
		{820C9F6A-A424-4B9F-AA2B-A13B05E8D920}.Release|Any CPU.ActiveCfg = Release|Any CPU
		{820C9F6A-A424-4B9F-AA2B-A13B05E8D920}.Release|Any CPU.Build.0 = Release|Any CPU
	EndGlobalSection
	GlobalSection(SolutionProperties) = preSolution
		HideSolutionNode = FALSE
	EndGlobalSection
	GlobalSection(ExtensibilityGlobals) = postSolution
		SolutionGuid = {DE620E25-4D4B-4EBB-8B00-27FBEDC5CCA5}
	EndGlobalSection
EndGlobal
